{
    "_meta": {
        "hash": {
            "sha256": "db73dccfd77d5be9d28e7ace3aeca6937fe2f083e5105ee38658929a859de7d6"
        },
        "pipfile-spec": 6,
        "requires": {
            "python_full_version": "3.11.5",
            "python_version": "3.11"
        },
        "sources": [
            {
                "name": "pypi",
                "url": "https://pypi.org/simple",
                "verify_ssl": true
            }
        ]
    },
    "default": {
        "flake8": {
            "hashes": [
                "sha256:d5b3857f07c030bdb5bf41c7f53799571d75c4491748a3adcd47de929e34cd23",
                "sha256:ffdfce58ea94c6580c77888a86506937f9a1a227dfcd15f245d694ae20a6b6e5"
            ],
            "index": "pypi",
            "markers": "python_full_version >= '3.8.1'",
            "version": "==6.1.0"
        },
        "llvmlite": {
            "hashes": [
                "sha256:09f83ea7a54509c285f905d968184bba00fc31ebf12f2b6b1494d677bb7dde9b",
                "sha256:0c23edd196bd797dc3a7860799054ea3488d2824ecabc03f9135110c2e39fcbc",
                "sha256:3673c53cb21c65d2ff3704962b5958e967c6fc0bd0cff772998face199e8d87b",
                "sha256:39a0b4d0088c01a469a5860d2e2d7a9b4e6a93c0f07eb26e71a9a872a8cadf8d",
                "sha256:467b43836b388eaedc5a106d76761e388dbc4674b2f2237bc477c6895b15a634",
                "sha256:4a7525db121f2e699809b539b5308228854ccab6693ecb01b52c44a2f5647e20",
                "sha256:5b3076dc4e9c107d16dc15ecb7f2faf94f7736cd2d5e9f4dc06287fd672452c1",
                "sha256:5cdb0d45df602099d833d50bd9e81353a5e036242d3c003c5b294fc61d1986b4",
                "sha256:7b37297f3cbd68d14a97223a30620589d98ad1890e5040c9e5fc181063f4ed49",
                "sha256:84747289775d0874e506f907a4513db889471607db19b04de97d144047fec885",
                "sha256:84ce9b1c7a59936382ffde7871978cddcda14098e5a76d961e204523e5c372fb",
                "sha256:9329b930d699699846623054121ed105fd0823ed2180906d3b3235d361645490",
                "sha256:96707ebad8b051bbb4fc40c65ef93b7eeee16643bd4d579a14d11578e4b7a647",
                "sha256:a36d9f244b6680cb90bbca66b146dabb2972f4180c64415c96f7c8a2d8b60a36",
                "sha256:a66a5bd580951751b4268f4c3bddcef92682814d6bc72f3cd3bb67f335dd7097",
                "sha256:bba2747cf5b4954e945c287fe310b3fcc484e2a9d1b0c273e99eb17d103bb0e6",
                "sha256:bbd5e82cc990e5a3e343a3bf855c26fdfe3bfae55225f00efd01c05bbda79918",
                "sha256:cda71de10a1f48416309e408ea83dab5bf36058f83e13b86a2961defed265568",
                "sha256:e2dbbb8424037ca287983b115a29adf37d806baf7e1bf4a67bd2cffb74e085ed",
                "sha256:e35766e42acef0fe7d1c43169a8ffc327a47808fae6a067b049fe0e9bbf84dd5",
                "sha256:e44f854dc11559795bcdeaf12303759e56213d42dabbf91a5897aa2d8b033810",
                "sha256:e74e7bec3235a1e1c9ad97d897a620c5007d0ed80c32c84c1d787e7daa17e4ec",
                "sha256:f643d15aacd0b0b0dc8b74b693822ba3f9a53fa63bc6a178c2dba7cc88f42144",
                "sha256:ff8f31111bb99d135ff296757dc81ab36c2dee54ed4bd429158a96da9807c316"
            ],
            "markers": "python_version >= '3.8'",
            "version": "==0.40.1"
        },
        "mccabe": {
            "hashes": [
                "sha256:348e0240c33b60bbdf4e523192ef919f28cb2c3d7d5c7794f74009290f236325",
                "sha256:6c2d30ab6be0e4a46919781807b4f0d834ebdd6c6e3dca0bda5a15f863427b6e"
            ],
            "markers": "python_version >= '3.6'",
            "version": "==0.7.0"
        },
        "networkx": {
            "hashes": [
                "sha256:4f33f68cb2afcf86f28a45f43efc27a9386b535d567d2127f8f61d51dec58d36",
                "sha256:de346335408f84de0eada6ff9fafafff9bcda11f0a0dfaa931133debb146ab61"
            ],
            "index": "pypi",
            "markers": "python_version >= '3.8'",
            "version": "==3.1"
        },
        "numba": {
            "hashes": [
                "sha256:33c0500170d213e66d90558ad6aca57d3e03e97bb11da82e6d87ab793648cb17",
                "sha256:3cf78d74ad9d289fbc1e5b1c9f2680fca7a788311eb620581893ab347ec37a7e",
                "sha256:3d6483c27520d16cf5d122868b79cad79e48056ecb721b52d70c126bed65431e",
                "sha256:4838edef2df5f056cb8974670f3d66562e751040c448eb0b67c7e2fec1726649",
                "sha256:4c078f84b5529a7fdb8413bb33d5100f11ec7b44aa705857d9eb4e54a54ff505",
                "sha256:53e9fab973d9e82c9f8449f75994a898daaaf821d84f06fbb0b9de2293dd9306",
                "sha256:5a82bf37444039c732485c072fda21a361790ed990f88db57fd6941cd5e5d307",
                "sha256:60ec56386076e9eed106a87c96626d5686fbb16293b9834f0849cf78c9491779",
                "sha256:643cb09a9ba9e1bd8b060e910aeca455e9442361e80fce97690795ff9840e681",
                "sha256:6c057ccedca95df23802b6ccad86bb318be624af45b5a38bb8412882be57a681",
                "sha256:8e00ca63c5d0ad2beeb78d77f087b3a88c45ea9b97e7622ab2ec411a868420ee",
                "sha256:93df62304ada9b351818ba19b1cfbddaf72cd89348e81474326ca0b23bf0bae1",
                "sha256:9587ba1bf5f3035575e45562ada17737535c6d612df751e811d702693a72d95e",
                "sha256:9a1b2b69448e510d672ff9a6b18d2db9355241d93c6a77677baa14bec67dc2a0",
                "sha256:9b17fbe4a69dcd9a7cd49916b6463cd9a82af5f84911feeb40793b8bce00dfa7",
                "sha256:9bcc36478773ce838f38afd9a4dfafc328d4ffb1915381353d657da7f6473282",
                "sha256:a32ee263649aa3c3587b833d6311305379529570e6c20deb0c6f4fb5bc7020db",
                "sha256:a3eac19529956185677acb7f01864919761bfffbb9ae04bbbe5e84bbc06cfc2b",
                "sha256:ae50c8c90c2ce8057f9618b589223e13faa8cbc037d8f15b4aad95a2c33a0582",
                "sha256:c0602e4f896e6a6d844517c3ab434bc978e7698a22a733cc8124465898c28fa8",
                "sha256:db8268eb5093cae2288942a8cbd69c9352f6fe6e0bfa0a9a27679436f92e4248",
                "sha256:e447c4634d1cc99ab50d4faa68f680f1d88b06a2a05acf134aa6fcc0342adeca",
                "sha256:f47dd214adc5dcd040fe9ad2adbd2192133c9075d2189ce1b3d5f9d72863ef05",
                "sha256:ff66d5b022af6c7d81ddbefa87768e78ed4f834ab2da6ca2fd0d60a9e69b94f5"
            ],
            "index": "pypi",
            "markers": "python_version >= '3.8'",
            "version": "==0.57.1"
        },
        "numpy": {
            "hashes": [
                "sha256:04640dab83f7c6c85abf9cd729c5b65f1ebd0ccf9de90b270cd61935eef0197f",
                "sha256:1452241c290f3e2a312c137a9999cdbf63f78864d63c79039bda65ee86943f61",
                "sha256:222e40d0e2548690405b0b3c7b21d1169117391c2e82c378467ef9ab4c8f0da7",
                "sha256:2541312fbf09977f3b3ad449c4e5f4bb55d0dbf79226d7724211acc905049400",
                "sha256:31f13e25b4e304632a4619d0e0777662c2ffea99fcae2029556b17d8ff958aef",
                "sha256:4602244f345453db537be5314d3983dbf5834a9701b7723ec28923e2889e0bb2",
                "sha256:4979217d7de511a8d57f4b4b5b2b965f707768440c17cb70fbf254c4b225238d",
                "sha256:4c21decb6ea94057331e111a5bed9a79d335658c27ce2adb580fb4d54f2ad9bc",
                "sha256:6620c0acd41dbcb368610bb2f4d83145674040025e5536954782467100aa8835",
                "sha256:692f2e0f55794943c5bfff12b3f56f99af76f902fc47487bdfe97856de51a706",
                "sha256:7215847ce88a85ce39baf9e89070cb860c98fdddacbaa6c0da3ffb31b3350bd5",
                "sha256:79fc682a374c4a8ed08b331bef9c5f582585d1048fa6d80bc6c35bc384eee9b4",
                "sha256:7ffe43c74893dbf38c2b0a1f5428760a1a9c98285553c89e12d70a96a7f3a4d6",
                "sha256:80f5e3a4e498641401868df4208b74581206afbee7cf7b8329daae82676d9463",
                "sha256:95f7ac6540e95bc440ad77f56e520da5bf877f87dca58bd095288dce8940532a",
                "sha256:9667575fb6d13c95f1b36aca12c5ee3356bf001b714fc354eb5465ce1609e62f",
                "sha256:a5425b114831d1e77e4b5d812b69d11d962e104095a5b9c3b641a218abcc050e",
                "sha256:b4bea75e47d9586d31e892a7401f76e909712a0fd510f58f5337bea9572c571e",
                "sha256:b7b1fc9864d7d39e28f41d089bfd6353cb5f27ecd9905348c24187a768c79694",
                "sha256:befe2bf740fd8373cf56149a5c23a0f601e82869598d41f8e188a0e9869926f8",
                "sha256:c0bfb52d2169d58c1cdb8cc1f16989101639b34c7d3ce60ed70b19c63eba0b64",
                "sha256:d11efb4dbecbdf22508d55e48d9c8384db795e1b7b51ea735289ff96613ff74d",
                "sha256:dd80e219fd4c71fc3699fc1dadac5dcf4fd882bfc6f7ec53d30fa197b8ee22dc",
                "sha256:e2926dac25b313635e4d6cf4dc4e51c8c0ebfed60b801c799ffc4c32bf3d1254",
                "sha256:e98f220aa76ca2a977fe435f5b04d7b3470c0a2e6312907b37ba6068f26787f2",
                "sha256:ed094d4f0c177b1b8e7aa9cba7d6ceed51c0e569a5318ac0ca9a090680a6a1b1",
                "sha256:f136bab9c2cfd8da131132c2cf6cc27331dd6fae65f95f69dcd4ae3c3639c810",
                "sha256:f3a86ed21e4f87050382c7bc96571755193c4c1392490744ac73d660e8f564a9"
            ],
            "index": "pypi",
            "markers": "python_version >= '3.8'",
            "version": "==1.24.4"
        },
        "pycodestyle": {
            "hashes": [
                "sha256:259bcc17857d8a8b3b4a2327324b79e5f020a13c16074670f9c8c8f872ea76d0",
                "sha256:5d1013ba8dc7895b548be5afb05740ca82454fd899971563d2ef625d090326f8"
            ],
            "markers": "python_version >= '3.8'",
            "version": "==2.11.0"
        },
        "pyflakes": {
            "hashes": [
                "sha256:4132f6d49cb4dae6819e5379898f2b8cce3c5f23994194c24b77d5da2e36f774",
                "sha256:a0aae034c444db0071aa077972ba4768d40c830d9539fd45bf4cd3f8f6992efc"
            ],
            "markers": "python_version >= '3.8'",
            "version": "==3.1.0"
        }
    },
    "develop": {}
}
